
Microsoft Visual Studio Solution File, Format Version 12.00
# Visual Studio Version 17
VisualStudioVersion = 17.8.34330.188
MinimumVisualStudioVersion = 10.0.40219.1
Project("{FAE04EC0-301F-11D3-BF4B-00C04F79EFBC}") = "AssignmentOfLinQ", "AssignmentOfLinQ\AssignmentOfLinQ.csproj", "{4032B39F-CB43-4804-BF99-E91CE2CD7D60}"
EndProject
Global
	GlobalSection(SolutionConfigurationPlatforms) = preSolution
		Debug|Any CPU = Debug|Any CPU
		Release|Any CPU = Release|Any CPU
	EndGlobalSection
	GlobalSection(ProjectConfigurationPlatforms) = postSolution
		{4032B39F-CB43-4804-BF99-E91CE2CD7D60}.Debug|Any CPU.ActiveCfg = Debug|Any CPU
		{4032B39F-CB43-4804-BF99-E91CE2CD7D60}.Debug|Any CPU.Build.0 = Debug|Any CPU
		{4032B39F-CB43-4804-BF99-E91CE2CD7D60}.Release|Any CPU.ActiveCfg = Release|Any CPU
		{4032B39F-CB43-4804-BF99-E91CE2CD7D60}.Release|Any CPU.Build.0 = Release|Any CPU
	EndGlobalSection
	GlobalSection(SolutionProperties) = preSolution
		HideSolutionNode = FALSE
	EndGlobalSection
	GlobalSection(ExtensibilityGlobals) = postSolution
		SolutionGuid = {FCD333D8-1601-457D-ABD6-D53291346A72}
	EndGlobalSection
EndGlobal
